{
  "name": "@taprsvp/tap",
  "version": "0.1.0",
  "lockfileVersion": 2,
  "requires": true,
  "packages": {
    "": {
      "name": "@taprsvp/tap",
      "version": "0.1.0",
      "dependencies": {
        "@taprsvp/iso20022_external_codes": "^1.0.0",
        "uuid": "^9.0.0"
      },
      "devDependencies": {
        "@types/node": "^20.6.0",
        "@types/uuid": "^9.0.2",
        "@typescript-eslint/eslint-plugin": "^6.6.0",
        "@typescript-eslint/parser": "^6.6.0",
        "eslint": "^8.49.0",
        "prettier": "^3.0.3",
        "tsup": "^7.2.0",
        "typescript": "^5.2.2",
        "vitest": "^0.34.4"
      }
    }
  }
}